PODS:
  - Flutter (1.0.0)
  - integration_test (0.0.1):
    - Flutter
  - package_info_plus (0.4.5):
    - Flutter
  - Sentry/HybridSDK (8.14.2):
    - SentryPrivate (= 8.14.2)
  - sentry_flutter (0.0.1):
    - Flutter
    - FlutterMacOS
    - Sentry/HybridSDK (= 8.14.2)
  - SentryPrivate (8.14.2)

DEPENDENCIES:
  - Flutter (from `Flutter`)
  - integration_test (from `.symlinks/plugins/integration_test/ios`)
  - package_info_plus (from `.symlinks/plugins/package_info_plus/ios`)
  - sentry_flutter (from `.symlinks/plugins/sentry_flutter/ios`)

SPEC REPOS:
  trunk:
    - Sentry
    - SentryPrivate

EXTERNAL SOURCES:
  Flutter:
    :path: Flutter
  integration_test:
    :path: ".symlinks/plugins/integration_test/ios"
  package_info_plus:
    :path: ".symlinks/plugins/package_info_plus/ios"
  sentry_flutter:
    :path: ".symlinks/plugins/sentry_flutter/ios"

SPEC CHECKSUMS:
  Flutter: f04841e97a9d0b0a8025694d0796dd46242b2854
  integration_test: a1e7d09bd98eca2fc37aefd79d4f41ad37bdbbe5
  package_info_plus: 115f4ad11e0698c8c1c5d8a689390df880f47e85
  Sentry: e0ea366f95ebb68f26d6030d8c22d6b2e6d23dd0
  sentry_flutter: 9a04c51c373d76ee22167bf1e65bc468c0a91fed
  SentryPrivate: 949a21fa59872427edc73b524c3ec8456761d97f

PODFILE CHECKSUM: 4e8f8b2be68aeea4c0d5beb6ff1e79fface1d048

COCOAPODS: 1.12.0
